
Microsoft Visual Studio Solution File, Format Version 12.00
# Visual Studio Version 17
VisualStudioVersion = 17.0.32014.148
MinimumVisualStudioVersion = 10.0.40219.1
Project("{FAE04EC0-301F-11D3-BF4B-00C04F79EFBC}") = "Switch Statements", "Switch Statements\Switch Statements.csproj", "{10B2E4CA-53CC-4139-94BB-1CD53EC85224}"
EndProject
Global
	GlobalSection(SolutionConfigurationPlatforms) = preSolution
		Debug|Any CPU = Debug|Any CPU
		Release|Any CPU = Release|Any CPU
	EndGlobalSection
	GlobalSection(ProjectConfigurationPlatforms) = postSolution
		{10B2E4CA-53CC-4139-94BB-1CD53EC85224}.Debug|Any CPU.ActiveCfg = Debug|Any CPU
		{10B2E4CA-53CC-4139-94BB-1CD53EC85224}.Debug|Any CPU.Build.0 = Debug|Any CPU
		{10B2E4CA-53CC-4139-94BB-1CD53EC85224}.Release|Any CPU.ActiveCfg = Release|Any CPU
		{10B2E4CA-53CC-4139-94BB-1CD53EC85224}.Release|Any CPU.Build.0 = Release|Any CPU
	EndGlobalSection
	GlobalSection(SolutionProperties) = preSolution
		HideSolutionNode = FALSE
	EndGlobalSection
	GlobalSection(ExtensibilityGlobals) = postSolution
		SolutionGuid = {E25E434C-F681-4157-AEC4-168FCDBC69C5}
	EndGlobalSection
EndGlobal
